
Microsoft Visual Studio Solution File, Format Version 12.00
# Visual Studio Version 17
VisualStudioVersion = 17.2.32526.322
MinimumVisualStudioVersion = 10.0.40219.1
Project("{9A19103F-16F7-4668-BE54-9A1E7A4F7556}") = "GoodsGatorAPI", "GoodsGator\GoodsGatorAPI.csproj", "{EA81D521-3045-44B1-A4E6-6803F1701FC1}"
EndProject
Global
	GlobalSection(SolutionConfigurationPlatforms) = preSolution
		Debug|Any CPU = Debug|Any CPU
		Release|Any CPU = Release|Any CPU
	EndGlobalSection
	GlobalSection(ProjectConfigurationPlatforms) = postSolution
		{EA81D521-3045-44B1-A4E6-6803F1701FC1}.Debug|Any CPU.ActiveCfg = Debug|Any CPU
		{EA81D521-3045-44B1-A4E6-6803F1701FC1}.Debug|Any CPU.Build.0 = Debug|Any CPU
		{EA81D521-3045-44B1-A4E6-6803F1701FC1}.Release|Any CPU.ActiveCfg = Release|Any CPU
		{EA81D521-3045-44B1-A4E6-6803F1701FC1}.Release|Any CPU.Build.0 = Release|Any CPU
	EndGlobalSection
	GlobalSection(SolutionProperties) = preSolution
		HideSolutionNode = FALSE
	EndGlobalSection
	GlobalSection(ExtensibilityGlobals) = postSolution
		SolutionGuid = {1AF73F98-E6CE-4061-8659-504CC1F74A71}
	EndGlobalSection
EndGlobal
